// !$*UTF8*$!
{
	archiveVersion = 1;
	classes = {
	};
	objectVersion = 56;
	objects = {

/* Begin PBXBuildFile section */
		BCE38BE02B49B06E0032911D /* AppDelegate.swift in Sources */ = {isa = PBXBuildFile; fileRef = BCE38BDF2B49B06E0032911D /* AppDelegate.swift */; };
		BCE38BE22B49B06E0032911D /* SceneDelegate.swift in Sources */ = {isa = PBXBuildFile; fileRef = BCE38BE12B49B06E0032911D /* SceneDelegate.swift */; };
		BCE38BE42B49B06E0032911D /* ViewController.swift in Sources */ = {isa = PBXBuildFile; fileRef = BCE38BE32B49B06E0032911D /* ViewController.swift */; };
		BCE38BE72B49B06E0032911D /* Main.storyboard in Resources */ = {isa = PBXBuildFile; fileRef = BCE38BE52B49B06E0032911D /* Main.storyboard */; };
		BCE38BE92B49B0700032911D /* Assets.xcassets in Resources */ = {isa = PBXBuildFile; fileRef = BCE38BE82B49B0700032911D /* Assets.xcassets */; };
		BCE38BEC2B49B0700032911D /* LaunchScreen.storyboard in Resources */ = {isa = PBXBuildFile; fileRef = BCE38BEA2B49B0700032911D /* LaunchScreen.storyboard */; };
		BCE38BF72B49B0700032911D /* PracticingWithTargetAndSchemesTests.swift in Sources */ = {isa = PBXBuildFile; fileRef = BCE38BF62B49B0700032911D /* PracticingWithTargetAndSchemesTests.swift */; };
		BCE38C012B49B0700032911D /* PracticingWithTargetAndSchemesUITests.swift in Sources */ = {isa = PBXBuildFile; fileRef = BCE38C002B49B0700032911D /* PracticingWithTargetAndSchemesUITests.swift */; };
		BCE38C032B49B0700032911D /* PracticingWithTargetAndSchemesUITestsLaunchTests.swift in Sources */ = {isa = PBXBuildFile; fileRef = BCE38C022B49B0700032911D /* PracticingWithTargetAndSchemesUITestsLaunchTests.swift */; };
		BCE38C162B49B0BD0032911D /* RunOnMacAndIphoneApp.swift in Sources */ = {isa = PBXBuildFile; fileRef = BCE38C152B49B0BD0032911D /* RunOnMacAndIphoneApp.swift */; };
		BCE38C182B49B0BD0032911D /* ContentView.swift in Sources */ = {isa = PBXBuildFile; fileRef = BCE38C172B49B0BD0032911D /* ContentView.swift */; };
		BCE38C1A2B49B0BE0032911D /* Assets.xcassets in Resources */ = {isa = PBXBuildFile; fileRef = BCE38C192B49B0BE0032911D /* Assets.xcassets */; };
		BCE38C1E2B49B0BE0032911D /* Preview Assets.xcassets in Resources */ = {isa = PBXBuildFile; fileRef = BCE38C1D2B49B0BE0032911D /* Preview Assets.xcassets */; };
		BCE38C282B49B0BF0032911D /* RunOnMacAndIphoneTests.swift in Sources */ = {isa = PBXBuildFile; fileRef = BCE38C272B49B0BF0032911D /* RunOnMacAndIphoneTests.swift */; };
		BCE38C322B49B0BF0032911D /* RunOnMacAndIphoneUITests.swift in Sources */ = {isa = PBXBuildFile; fileRef = BCE38C312B49B0BF0032911D /* RunOnMacAndIphoneUITests.swift */; };
		BCE38C342B49B0BF0032911D /* RunOnMacAndIphoneUITestsLaunchTests.swift in Sources */ = {isa = PBXBuildFile; fileRef = BCE38C332B49B0BF0032911D /* RunOnMacAndIphoneUITestsLaunchTests.swift */; };
/* End PBXBuildFile section */

/* Begin PBXContainerItemProxy section */
		BCE38BF32B49B0700032911D /* PBXContainerItemProxy */ = {
			isa = PBXContainerItemProxy;
			containerPortal = BCE38BD42B49B06E0032911D /* Project object */;
			proxyType = 1;
			remoteGlobalIDString = BCE38BDB2B49B06E0032911D;
			remoteInfo = PracticingWithTargetAndSchemes;
		};
		BCE38BFD2B49B0700032911D /* PBXContainerItemProxy */ = {
			isa = PBXContainerItemProxy;
			containerPortal = BCE38BD42B49B06E0032911D /* Project object */;
			proxyType = 1;
			remoteGlobalIDString = BCE38BDB2B49B06E0032911D;
			remoteInfo = PracticingWithTargetAndSchemes;
		};
		BCE38C242B49B0BF0032911D /* PBXContainerItemProxy */ = {
			isa = PBXContainerItemProxy;
			containerPortal = BCE38BD42B49B06E0032911D /* Project object */;
			proxyType = 1;
			remoteGlobalIDString = BCE38C122B49B0BD0032911D;
			remoteInfo = RunOnMacAndIphone;
		};
		BCE38C2E2B49B0BF0032911D /* PBXContainerItemProxy */ = {
			isa = PBXContainerItemProxy;
			containerPortal = BCE38BD42B49B06E0032911D /* Project object */;
			proxyType = 1;
			remoteGlobalIDString = BCE38C122B49B0BD0032911D;
			remoteInfo = RunOnMacAndIphone;
		};
/* End PBXContainerItemProxy section */

/* Begin PBXFileReference section */
		BCE38BDC2B49B06E0032911D /* PracticingWithTargetAndSchemes.app */ = {isa = PBXFileReference; explicitFileType = wrapper.application; includeInIndex = 0; path = PracticingWithTargetAndSchemes.app; sourceTree = BUILT_PRODUCTS_DIR; };
		BCE38BDF2B49B06E0032911D /* AppDelegate.swift */ = {isa = PBXFileReference; lastKnownFileType = sourcecode.swift; path = AppDelegate.swift; sourceTree = "<group>"; };
		BCE38BE12B49B06E0032911D /* SceneDelegate.swift */ = {isa = PBXFileReference; lastKnownFileType = sourcecode.swift; path = SceneDelegate.swift; sourceTree = "<group>"; };
		BCE38BE32B49B06E0032911D /* ViewController.swift */ = {isa = PBXFileReference; lastKnownFileType = sourcecode.swift; path = ViewController.swift; sourceTree = "<group>"; };
		BCE38BE62B49B06E0032911D /* Base */ = {isa = PBXFileReference; lastKnownFileType = file.storyboard; name = Base; path = Base.lproj/Main.storyboard; sourceTree = "<group>"; };
		BCE38BE82B49B0700032911D /* Assets.xcassets */ = {isa = PBXFileReference; lastKnownFileType = folder.assetcatalog; path = Assets.xcassets; sourceTree = "<group>"; };
		BCE38BEB2B49B0700032911D /* Base */ = {isa = PBXFileReference; lastKnownFileType = file.storyboard; name = Base; path = Base.lproj/LaunchScreen.storyboard; sourceTree = "<group>"; };
		BCE38BED2B49B0700032911D /* Info.plist */ = {isa = PBXFileReference; lastKnownFileType = text.plist.xml; path = Info.plist; sourceTree = "<group>"; };
		BCE38BF22B49B0700032911D /* PracticingWithTargetAndSchemesTests.xctest */ = {isa = PBXFileReference; explicitFileType = wrapper.cfbundle; includeInIndex = 0; path = PracticingWithTargetAndSchemesTests.xctest; sourceTree = BUILT_PRODUCTS_DIR; };
		BCE38BF62B49B0700032911D /* PracticingWithTargetAndSchemesTests.swift */ = {isa = PBXFileReference; lastKnownFileType = sourcecode.swift; path = PracticingWithTargetAndSchemesTests.swift; sourceTree = "<group>"; };
		BCE38BFC2B49B0700032911D /* PracticingWithTargetAndSchemesUITests.xctest */ = {isa = PBXFileReference; explicitFileType = wrapper.cfbundle; includeInIndex = 0; path = PracticingWithTargetAndSchemesUITests.xctest; sourceTree = BUILT_PRODUCTS_DIR; };
		BCE38C002B49B0700032911D /* PracticingWithTargetAndSchemesUITests.swift */ = {isa = PBXFileReference; lastKnownFileType = sourcecode.swift; path = PracticingWithTargetAndSchemesUITests.swift; sourceTree = "<group>"; };
		BCE38C022B49B0700032911D /* PracticingWithTargetAndSchemesUITestsLaunchTests.swift */ = {isa = PBXFileReference; lastKnownFileType = sourcecode.swift; path = PracticingWithTargetAndSchemesUITestsLaunchTests.swift; sourceTree = "<group>"; };
		BCE38C132B49B0BD0032911D /* RunOnMacAndIphone.app */ = {isa = PBXFileReference; explicitFileType = wrapper.application; includeInIndex = 0; path = RunOnMacAndIphone.app; sourceTree = BUILT_PRODUCTS_DIR; };
		BCE38C152B49B0BD0032911D /* RunOnMacAndIphoneApp.swift */ = {isa = PBXFileReference; lastKnownFileType = sourcecode.swift; path = RunOnMacAndIphoneApp.swift; sourceTree = "<group>"; };
		BCE38C172B49B0BD0032911D /* ContentView.swift */ = {isa = PBXFileReference; lastKnownFileType = sourcecode.swift; path = ContentView.swift; sourceTree = "<group>"; };
		BCE38C192B49B0BE0032911D /* Assets.xcassets */ = {isa = PBXFileReference; lastKnownFileType = folder.assetcatalog; path = Assets.xcassets; sourceTree = "<group>"; };
		BCE38C1B2B49B0BE0032911D /* RunOnMacAndIphone.entitlements */ = {isa = PBXFileReference; lastKnownFileType = text.plist.entitlements; path = RunOnMacAndIphone.entitlements; sourceTree = "<group>"; };
		BCE38C1D2B49B0BE0032911D /* Preview Assets.xcassets */ = {isa = PBXFileReference; lastKnownFileType = folder.assetcatalog; path = "Preview Assets.xcassets"; sourceTree = "<group>"; };
		BCE38C232B49B0BF0032911D /* RunOnMacAndIphoneTests.xctest */ = {isa = PBXFileReference; explicitFileType = wrapper.cfbundle; includeInIndex = 0; path = RunOnMacAndIphoneTests.xctest; sourceTree = BUILT_PRODUCTS_DIR; };
		BCE38C272B49B0BF0032911D /* RunOnMacAndIphoneTests.swift */ = {isa = PBXFileReference; lastKnownFileType = sourcecode.swift; path = RunOnMacAndIphoneTests.swift; sourceTree = "<group>"; };
		BCE38C2D2B49B0BF0032911D /* RunOnMacAndIphoneUITests.xctest */ = {isa = PBXFileReference; explicitFileType = wrapper.cfbundle; includeInIndex = 0; path = RunOnMacAndIphoneUITests.xctest; sourceTree = BUILT_PRODUCTS_DIR; };
		BCE38C312B49B0BF0032911D /* RunOnMacAndIphoneUITests.swift */ = {isa = PBXFileReference; lastKnownFileType = sourcecode.swift; path = RunOnMacAndIphoneUITests.swift; sourceTree = "<group>"; };
		BCE38C332B49B0BF0032911D /* RunOnMacAndIphoneUITestsLaunchTests.swift */ = {isa = PBXFileReference; lastKnownFileType = sourcecode.swift; path = RunOnMacAndIphoneUITestsLaunchTests.swift; sourceTree = "<group>"; };
/* End PBXFileReference section */

/* Begin PBXFrameworksBuildPhase section */
		BCE38BD92B49B06E0032911D /* Frameworks */ = {
			isa = PBXFrameworksBuildPhase;
			buildActionMask = 2147483647;
			files = (
			);
			runOnlyForDeploymentPostprocessing = 0;
		};
		BCE38BEF2B49B0700032911D /* Frameworks */ = {
			isa = PBXFrameworksBuildPhase;
			buildActionMask = 2147483647;
			files = (
			);
			runOnlyForDeploymentPostprocessing = 0;
		};
		BCE38BF92B49B0700032911D /* Frameworks */ = {
			isa = PBXFrameworksBuildPhase;
			buildActionMask = 2147483647;
			files = (
			);
			runOnlyForDeploymentPostprocessing = 0;
		};
		BCE38C102B49B0BD0032911D /* Frameworks */ = {
			isa = PBXFrameworksBuildPhase;
			buildActionMask = 2147483647;
			files = (
			);
			runOnlyForDeploymentPostprocessing = 0;
		};
		BCE38C202B49B0BE0032911D /* Frameworks */ = {
			isa = PBXFrameworksBuildPhase;
			buildActionMask = 2147483647;
			files = (
			);
			runOnlyForDeploymentPostprocessing = 0;
		};
		BCE38C2A2B49B0BF0032911D /* Frameworks */ = {
			isa = PBXFrameworksBuildPhase;
			buildActionMask = 2147483647;
			files = (
			);
			runOnlyForDeploymentPostprocessing = 0;
		};
/* End PBXFrameworksBuildPhase section */

/* Begin PBXGroup section */
		BCE38BD32B49B06E0032911D = {
			isa = PBXGroup;
			children = (
				BCE38BDE2B49B06E0032911D /* PracticingWithTargetAndSchemes */,
				BCE38BF52B49B0700032911D /* PracticingWithTargetAndSchemesTests */,
				BCE38BFF2B49B0700032911D /* PracticingWithTargetAndSchemesUITests */,
				BCE38C142B49B0BD0032911D /* RunOnMacAndIphone */,
				BCE38C262B49B0BF0032911D /* RunOnMacAndIphoneTests */,
				BCE38C302B49B0BF0032911D /* RunOnMacAndIphoneUITests */,
				BCE38BDD2B49B06E0032911D /* Products */,
			);
			sourceTree = "<group>";
		};
		BCE38BDD2B49B06E0032911D /* Products */ = {
			isa = PBXGroup;
			children = (
				BCE38BDC2B49B06E0032911D /* PracticingWithTargetAndSchemes.app */,
				BCE38BF22B49B0700032911D /* PracticingWithTargetAndSchemesTests.xctest */,
				BCE38BFC2B49B0700032911D /* PracticingWithTargetAndSchemesUITests.xctest */,
				BCE38C132B49B0BD0032911D /* RunOnMacAndIphone.app */,
				BCE38C232B49B0BF0032911D /* RunOnMacAndIphoneTests.xctest */,
				BCE38C2D2B49B0BF0032911D /* RunOnMacAndIphoneUITests.xctest */,
			);
			name = Products;
			sourceTree = "<group>";
		};
		BCE38BDE2B49B06E0032911D /* PracticingWithTargetAndSchemes */ = {
			isa = PBXGroup;
			children = (
				BCE38BDF2B49B06E0032911D /* AppDelegate.swift */,
				BCE38BE12B49B06E0032911D /* SceneDelegate.swift */,
				BCE38BE32B49B06E0032911D /* ViewController.swift */,
				BCE38BE52B49B06E0032911D /* Main.storyboard */,
				BCE38BE82B49B0700032911D /* Assets.xcassets */,
				BCE38BEA2B49B0700032911D /* LaunchScreen.storyboard */,
				BCE38BED2B49B0700032911D /* Info.plist */,
			);
			path = PracticingWithTargetAndSchemes;
			sourceTree = "<group>";
		};
		BCE38BF52B49B0700032911D /* PracticingWithTargetAndSchemesTests */ = {
			isa = PBXGroup;
			children = (
				BCE38BF62B49B0700032911D /* PracticingWithTargetAndSchemesTests.swift */,
			);
			path = PracticingWithTargetAndSchemesTests;
			sourceTree = "<group>";
		};
		BCE38BFF2B49B0700032911D /* PracticingWithTargetAndSchemesUITests */ = {
			isa = PBXGroup;
			children = (
				BCE38C002B49B0700032911D /* PracticingWithTargetAndSchemesUITests.swift */,
				BCE38C022B49B0700032911D /* PracticingWithTargetAndSchemesUITestsLaunchTests.swift */,
			);
			path = PracticingWithTargetAndSchemesUITests;
			sourceTree = "<group>";
		};
		BCE38C142B49B0BD0032911D /* RunOnMacAndIphone */ = {
			isa = PBXGroup;
			children = (
				BCE38C152B49B0BD0032911D /* RunOnMacAndIphoneApp.swift */,
				BCE38C172B49B0BD0032911D /* ContentView.swift */,
				BCE38C192B49B0BE0032911D /* Assets.xcassets */,
				BCE38C1B2B49B0BE0032911D /* RunOnMacAndIphone.entitlements */,
				BCE38C1C2B49B0BE0032911D /* Preview Content */,
			);
			path = RunOnMacAndIphone;
			sourceTree = "<group>";
		};
		BCE38C1C2B49B0BE0032911D /* Preview Content */ = {
			isa = PBXGroup;
			children = (
				BCE38C1D2B49B0BE0032911D /* Preview Assets.xcassets */,
			);
			path = "Preview Content";
			sourceTree = "<group>";
		};
		BCE38C262B49B0BF0032911D /* RunOnMacAndIphoneTests */ = {
			isa = PBXGroup;
			children = (
				BCE38C272B49B0BF0032911D /* RunOnMacAndIphoneTests.swift */,
			);
			path = RunOnMacAndIphoneTests;
			sourceTree = "<group>";
		};
		BCE38C302B49B0BF0032911D /* RunOnMacAndIphoneUITests */ = {
			isa = PBXGroup;
			children = (
				BCE38C312B49B0BF0032911D /* RunOnMacAndIphoneUITests.swift */,
				BCE38C332B49B0BF0032911D /* RunOnMacAndIphoneUITestsLaunchTests.swift */,
			);
			path = RunOnMacAndIphoneUITests;
			sourceTree = "<group>";
		};
/* End PBXGroup section */

/* Begin PBXNativeTarget section */
		BCE38BDB2B49B06E0032911D /* PracticingWithTargetAndSchemes */ = {
			isa = PBXNativeTarget;
			buildConfigurationList = BCE38C062B49B0700032911D /* Build configuration list for PBXNativeTarget "PracticingWithTargetAndSchemes" */;
			buildPhases = (
				BCE38BD82B49B06E0032911D /* Sources */,
				BCE38BD92B49B06E0032911D /* Frameworks */,
				BCE38BDA2B49B06E0032911D /* Resources */,
			);
			buildRules = (
			);
			dependencies = (
			);
			name = PracticingWithTargetAndSchemes;
			productName = PracticingWithTargetAndSchemes;
			productReference = BCE38BDC2B49B06E0032911D /* PracticingWithTargetAndSchemes.app */;
			productType = "com.apple.product-type.application";
		};
		BCE38BF12B49B0700032911D /* PracticingWithTargetAndSchemesTests */ = {
			isa = PBXNativeTarget;
			buildConfigurationList = BCE38C092B49B0700032911D /* Build configuration list for PBXNativeTarget "PracticingWithTargetAndSchemesTests" */;
			buildPhases = (
				BCE38BEE2B49B0700032911D /* Sources */,
				BCE38BEF2B49B0700032911D /* Frameworks */,
				BCE38BF02B49B0700032911D /* Resources */,
			);
			buildRules = (
			);
			dependencies = (
				BCE38BF42B49B0700032911D /* PBXTargetDependency */,
			);
			name = PracticingWithTargetAndSchemesTests;
			productName = PracticingWithTargetAndSchemesTests;
			productReference = BCE38BF22B49B0700032911D /* PracticingWithTargetAndSchemesTests.xctest */;
			productType = "com.apple.product-type.bundle.unit-test";
		};
		BCE38BFB2B49B0700032911D /* PracticingWithTargetAndSchemesUITests */ = {
			isa = PBXNativeTarget;
			buildConfigurationList = BCE38C0C2B49B0700032911D /* Build configuration list for PBXNativeTarget "PracticingWithTargetAndSchemesUITests" */;
			buildPhases = (
				BCE38BF82B49B0700032911D /* Sources */,
				BCE38BF92B49B0700032911D /* Frameworks */,
				BCE38BFA2B49B0700032911D /* Resources */,
			);
			buildRules = (
			);
			dependencies = (
				BCE38BFE2B49B0700032911D /* PBXTargetDependency */,
			);
			name = PracticingWithTargetAndSchemesUITests;
			productName = PracticingWithTargetAndSchemesUITests;
			productReference = BCE38BFC2B49B0700032911D /* PracticingWithTargetAndSchemesUITests.xctest */;
			productType = "com.apple.product-type.bundle.ui-testing";
		};
		BCE38C122B49B0BD0032911D /* RunOnMacAndIphone */ = {
			isa = PBXNativeTarget;
			buildConfigurationList = BCE38C352B49B0BF0032911D /* Build configuration list for PBXNativeTarget "RunOnMacAndIphone" */;
			buildPhases = (
				BCE38C0F2B49B0BD0032911D /* Sources */,
				BCE38C102B49B0BD0032911D /* Frameworks */,
				BCE38C112B49B0BD0032911D /* Resources */,
			);
			buildRules = (
			);
			dependencies = (
			);
			name = RunOnMacAndIphone;
			productName = RunOnMacAndIphone;
			productReference = BCE38C132B49B0BD0032911D /* RunOnMacAndIphone.app */;
			productType = "com.apple.product-type.application";
		};
		BCE38C222B49B0BE0032911D /* RunOnMacAndIphoneTests */ = {
			isa = PBXNativeTarget;
			buildConfigurationList = BCE38C382B49B0BF0032911D /* Build configuration list for PBXNativeTarget "RunOnMacAndIphoneTests" */;
			buildPhases = (
				BCE38C1F2B49B0BE0032911D /* Sources */,
				BCE38C202B49B0BE0032911D /* Frameworks */,
				BCE38C212B49B0BE0032911D /* Resources */,
			);
			buildRules = (
			);
			dependencies = (
				BCE38C252B49B0BF0032911D /* PBXTargetDependency */,
			);
			name = RunOnMacAndIphoneTests;
			productName = RunOnMacAndIphoneTests;
			productReference = BCE38C232B49B0BF0032911D /* RunOnMacAndIphoneTests.xctest */;
			productType = "com.apple.product-type.bundle.unit-test";
		};
		BCE38C2C2B49B0BF0032911D /* RunOnMacAndIphoneUITests */ = {
			isa = PBXNativeTarget;
			buildConfigurationList = BCE38C3B2B49B0BF0032911D /* Build configuration list for PBXNativeTarget "RunOnMacAndIphoneUITests" */;
			buildPhases = (
				BCE38C292B49B0BF0032911D /* Sources */,
				BCE38C2A2B49B0BF0032911D /* Frameworks */,
				BCE38C2B2B49B0BF0032911D /* Resources */,
			);
			buildRules = (
			);
			dependencies = (
				BCE38C2F2B49B0BF0032911D /* PBXTargetDependency */,
			);
			name = RunOnMacAndIphoneUITests;
			productName = RunOnMacAndIphoneUITests;
			productReference = BCE38C2D2B49B0BF0032911D /* RunOnMacAndIphoneUITests.xctest */;
			productType = "com.apple.product-type.bundle.ui-testing";
		};
/* End PBXNativeTarget section */

/* Begin PBXProject section */
		BCE38BD42B49B06E0032911D /* Project object */ = {
			isa = PBXProject;
			attributes = {
				BuildIndependentTargetsInParallel = 1;
				LastSwiftUpdateCheck = 1510;
				LastUpgradeCheck = 1510;
				TargetAttributes = {
					BCE38BDB2B49B06E0032911D = {
						CreatedOnToolsVersion = 15.1;
					};
					BCE38BF12B49B0700032911D = {
						CreatedOnToolsVersion = 15.1;
						TestTargetID = BCE38BDB2B49B06E0032911D;
					};
					BCE38BFB2B49B0700032911D = {
						CreatedOnToolsVersion = 15.1;
						TestTargetID = BCE38BDB2B49B06E0032911D;
					};
					BCE38C122B49B0BD0032911D = {
						CreatedOnToolsVersion = 15.1;
					};
					BCE38C222B49B0BE0032911D = {
						CreatedOnToolsVersion = 15.1;
						TestTargetID = BCE38C122B49B0BD0032911D;
					};
					BCE38C2C2B49B0BF0032911D = {
						CreatedOnToolsVersion = 15.1;
						TestTargetID = BCE38C122B49B0BD0032911D;
					};
				};
			};
			buildConfigurationList = BCE38BD72B49B06E0032911D /* Build configuration list for PBXProject "PracticingWithTargetAndSchemes" */;
			compatibilityVersion = "Xcode 14.0";
			developmentRegion = en;
			hasScannedForEncodings = 0;
			knownRegions = (
				en,
				Base,
			);
			mainGroup = BCE38BD32B49B06E0032911D;
			productRefGroup = BCE38BDD2B49B06E0032911D /* Products */;
			projectDirPath = "";
			projectRoot = "";
			targets = (
				BCE38BDB2B49B06E0032911D /* PracticingWithTargetAndSchemes */,
				BCE38BF12B49B0700032911D /* PracticingWithTargetAndSchemesTests */,
				BCE38BFB2B49B0700032911D /* PracticingWithTargetAndSchemesUITests */,
				BCE38C122B49B0BD0032911D /* RunOnMacAndIphone */,
				BCE38C222B49B0BE0032911D /* RunOnMacAndIphoneTests */,
				BCE38C2C2B49B0BF0032911D /* RunOnMacAndIphoneUITests */,
			);
		};
/* End PBXProject section */

/* Begin PBXResourcesBuildPhase section */
		BCE38BDA2B49B06E0032911D /* Resources */ = {
			isa = PBXResourcesBuildPhase;
			buildActionMask = 2147483647;
			files = (
				BCE38BEC2B49B0700032911D /* LaunchScreen.storyboard in Resources */,
				BCE38BE92B49B0700032911D /* Assets.xcassets in Resources */,
				BCE38BE72B49B06E0032911D /* Main.storyboard in Resources */,
			);
			runOnlyForDeploymentPostprocessing = 0;
		};
		BCE38BF02B49B0700032911D /* Resources */ = {
			isa = PBXResourcesBuildPhase;
			buildActionMask = 2147483647;
			files = (
			);
			runOnlyForDeploymentPostprocessing = 0;
		};
		BCE38BFA2B49B0700032911D /* Resources */ = {
			isa = PBXResourcesBuildPhase;
			buildActionMask = 2147483647;
			files = (
			);
			runOnlyForDeploymentPostprocessing = 0;
		};
		BCE38C112B49B0BD0032911D /* Resources */ = {
			isa = PBXResourcesBuildPhase;
			buildActionMask = 2147483647;
			files = (
				BCE38C1E2B49B0BE0032911D /* Preview Assets.xcassets in Resources */,
				BCE38C1A2B49B0BE0032911D /* Assets.xcassets in Resources */,
			);
			runOnlyForDeploymentPostprocessing = 0;
		};
		BCE38C212B49B0BE0032911D /* Resources */ = {
			isa = PBXResourcesBuildPhase;
			buildActionMask = 2147483647;
			files = (
			);
			runOnlyForDeploymentPostprocessing = 0;
		};
		BCE38C2B2B49B0BF0032911D /* Resources */ = {
			isa = PBXResourcesBuildPhase;
			buildActionMask = 2147483647;
			files = (
			);
			runOnlyForDeploymentPostprocessing = 0;
		};
/* End PBXResourcesBuildPhase section */

/* Begin PBXSourcesBuildPhase section */
		BCE38BD82B49B06E0032911D /* Sources */ = {
			isa = PBXSourcesBuildPhase;
			buildActionMask = 2147483647;
			files = (
				BCE38BE42B49B06E0032911D /* ViewController.swift in Sources */,
				BCE38BE02B49B06E0032911D /* AppDelegate.swift in Sources */,
				BCE38BE22B49B06E0032911D /* SceneDelegate.swift in Sources */,
			);
			runOnlyForDeploymentPostprocessing = 0;
		};
		BCE38BEE2B49B0700032911D /* Sources */ = {
			isa = PBXSourcesBuildPhase;
			buildActionMask = 2147483647;
			files = (
				BCE38BF72B49B0700032911D /* PracticingWithTargetAndSchemesTests.swift in Sources */,
			);
			runOnlyForDeploymentPostprocessing = 0;
		};
		BCE38BF82B49B0700032911D /* Sources */ = {
			isa = PBXSourcesBuildPhase;
			buildActionMask = 2147483647;
			files = (
				BCE38C032B49B0700032911D /* PracticingWithTargetAndSchemesUITestsLaunchTests.swift in Sources */,
				BCE38C012B49B0700032911D /* PracticingWithTargetAndSchemesUITests.swift in Sources */,
			);
			runOnlyForDeploymentPostprocessing = 0;
		};
		BCE38C0F2B49B0BD0032911D /* Sources */ = {
			isa = PBXSourcesBuildPhase;
			buildActionMask = 2147483647;
			files = (
				BCE38C182B49B0BD0032911D /* ContentView.swift in Sources */,
				BCE38C162B49B0BD0032911D /* RunOnMacAndIphoneApp.swift in Sources */,
			);
			runOnlyForDeploymentPostprocessing = 0;
		};
		BCE38C1F2B49B0BE0032911D /* Sources */ = {
			isa = PBXSourcesBuildPhase;
			buildActionMask = 2147483647;
			files = (
				BCE38C282B49B0BF0032911D /* RunOnMacAndIphoneTests.swift in Sources */,
			);
			runOnlyForDeploymentPostprocessing = 0;
		};
		BCE38C292B49B0BF0032911D /* Sources */ = {
			isa = PBXSourcesBuildPhase;
			buildActionMask = 2147483647;
			files = (
				BCE38C342B49B0BF0032911D /* RunOnMacAndIphoneUITestsLaunchTests.swift in Sources */,
				BCE38C322B49B0BF0032911D /* RunOnMacAndIphoneUITests.swift in Sources */,
			);
			runOnlyForDeploymentPostprocessing = 0;
		};
/* End PBXSourcesBuildPhase section */

/* Begin PBXTargetDependency section */
		BCE38BF42B49B0700032911D /* PBXTargetDependency */ = {
			isa = PBXTargetDependency;
			target = BCE38BDB2B49B06E0032911D /* PracticingWithTargetAndSchemes */;
			targetProxy = BCE38BF32B49B0700032911D /* PBXContainerItemProxy */;
		};
		BCE38BFE2B49B0700032911D /* PBXTargetDependency */ = {
			isa = PBXTargetDependency;
			target = BCE38BDB2B49B06E0032911D /* PracticingWithTargetAndSchemes */;
			targetProxy = BCE38BFD2B49B0700032911D /* PBXContainerItemProxy */;
		};
		BCE38C252B49B0BF0032911D /* PBXTargetDependency */ = {
			isa = PBXTargetDependency;
			target = BCE38C122B49B0BD0032911D /* RunOnMacAndIphone */;
			targetProxy = BCE38C242B49B0BF0032911D /* PBXContainerItemProxy */;
		};
		BCE38C2F2B49B0BF0032911D /* PBXTargetDependency */ = {
			isa = PBXTargetDependency;
			target = BCE38C122B49B0BD0032911D /* RunOnMacAndIphone */;
			targetProxy = BCE38C2E2B49B0BF0032911D /* PBXContainerItemProxy */;
		};
/* End PBXTargetDependency section */

/* Begin PBXVariantGroup section */
		BCE38BE52B49B06E0032911D /* Main.storyboard */ = {
			isa = PBXVariantGroup;
			children = (
				BCE38BE62B49B06E0032911D /* Base */,
			);
			name = Main.storyboard;
			sourceTree = "<group>";
		};
		BCE38BEA2B49B0700032911D /* LaunchScreen.storyboard */ = {
			isa = PBXVariantGroup;
			children = (
				BCE38BEB2B49B0700032911D /* Base */,
			);
			name = LaunchScreen.storyboard;
			sourceTree = "<group>";
		};
/* End PBXVariantGroup section */

/* Begin XCBuildConfiguration section */
		BCE38C042B49B0700032911D /* Debug */ = {
			isa = XCBuildConfiguration;
			buildSettings = {
				ALWAYS_SEARCH_USER_PATHS = NO;
				ASSETCATALOG_COMPILER_GENERATE_SWIFT_ASSET_SYMBOL_EXTENSIONS = YES;
				CLANG_ANALYZER_NONNULL = YES;
				CLANG_ANALYZER_NUMBER_OBJECT_CONVERSION = YES_AGGRESSIVE;
				CLANG_CXX_LANGUAGE_STANDARD = "gnu++20";
				CLANG_ENABLE_MODULES = YES;
				CLANG_ENABLE_OBJC_ARC = YES;
				CLANG_ENABLE_OBJC_WEAK = YES;
				CLANG_WARN_BLOCK_CAPTURE_AUTORELEASING = YES;
				CLANG_WARN_BOOL_CONVERSION = YES;
				CLANG_WARN_COMMA = YES;
				CLANG_WARN_CONSTANT_CONVERSION = YES;
				CLANG_WARN_DEPRECATED_OBJC_IMPLEMENTATIONS = YES;
				CLANG_WARN_DIRECT_OBJC_ISA_USAGE = YES_ERROR;
				CLANG_WARN_DOCUMENTATION_COMMENTS = YES;
				CLANG_WARN_EMPTY_BODY = YES;
				CLANG_WARN_ENUM_CONVERSION = YES;
				CLANG_WARN_INFINITE_RECURSION = YES;
				CLANG_WARN_INT_CONVERSION = YES;
				CLANG_WARN_NON_LITERAL_NULL_CONVERSION = YES;
				CLANG_WARN_OBJC_IMPLICIT_RETAIN_SELF = YES;
				CLANG_WARN_OBJC_LITERAL_CONVERSION = YES;
				CLANG_WARN_OBJC_ROOT_CLASS = YES_ERROR;
				CLANG_WARN_QUOTED_INCLUDE_IN_FRAMEWORK_HEADER = YES;
				CLANG_WARN_RANGE_LOOP_ANALYSIS = YES;
				CLANG_WARN_STRICT_PROTOTYPES = YES;
				CLANG_WARN_SUSPICIOUS_MOVE = YES;
				CLANG_WARN_UNGUARDED_AVAILABILITY = YES_AGGRESSIVE;
				CLANG_WARN_UNREACHABLE_CODE = YES;
				CLANG_WARN__DUPLICATE_METHOD_MATCH = YES;
				COPY_PHASE_STRIP = NO;
				DEBUG_INFORMATION_FORMAT = dwarf;
				ENABLE_STRICT_OBJC_MSGSEND = YES;
				ENABLE_TESTABILITY = YES;
				ENABLE_USER_SCRIPT_SANDBOXING = YES;
				GCC_C_LANGUAGE_STANDARD = gnu17;
				GCC_DYNAMIC_NO_PIC = NO;
				GCC_NO_COMMON_BLOCKS = YES;
				GCC_OPTIMIZATION_LEVEL = 0;
				GCC_PREPROCESSOR_DEFINITIONS = (
					"DEBUG=1",
					"$(inherited)",
				);
				GCC_WARN_64_TO_32_BIT_CONVERSION = YES;
				GCC_WARN_ABOUT_RETURN_TYPE = YES_ERROR;
				GCC_WARN_UNDECLARED_SELECTOR = YES;
				GCC_WARN_UNINITIALIZED_AUTOS = YES_AGGRESSIVE;
				GCC_WARN_UNUSED_FUNCTION = YES;
				GCC_WARN_UNUSED_VARIABLE = YES;
				IPHONEOS_DEPLOYMENT_TARGET = 17.2;
				LOCALIZATION_PREFERS_STRING_CATALOGS = YES;
				MTL_ENABLE_DEBUG_INFO = INCLUDE_SOURCE;
				MTL_FAST_MATH = YES;
				ONLY_ACTIVE_ARCH = YES;
				SDKROOT = iphoneos;
				SWIFT_ACTIVE_COMPILATION_CONDITIONS = "DEBUG $(inherited)";
				SWIFT_OPTIMIZATION_LEVEL = "-Onone";
			};
			name = Debug;
		};
		BCE38C052B49B0700032911D /* Release */ = {
			isa = XCBuildConfiguration;
			buildSettings = {
				ALWAYS_SEARCH_USER_PATHS = NO;
				ASSETCATALOG_COMPILER_GENERATE_SWIFT_ASSET_SYMBOL_EXTENSIONS = YES;
				CLANG_ANALYZER_NONNULL = YES;
				CLANG_ANALYZER_NUMBER_OBJECT_CONVERSION = YES_AGGRESSIVE;
				CLANG_CXX_LANGUAGE_STANDARD = "gnu++20";
				CLANG_ENABLE_MODULES = YES;
				CLANG_ENABLE_OBJC_ARC = YES;
				CLANG_ENABLE_OBJC_WEAK = YES;
				CLANG_WARN_BLOCK_CAPTURE_AUTORELEASING = YES;
				CLANG_WARN_BOOL_CONVERSION = YES;
				CLANG_WARN_COMMA = YES;
				CLANG_WARN_CONSTANT_CONVERSION = YES;
				CLANG_WARN_DEPRECATED_OBJC_IMPLEMENTATIONS = YES;
				CLANG_WARN_DIRECT_OBJC_ISA_USAGE = YES_ERROR;
				CLANG_WARN_DOCUMENTATION_COMMENTS = YES;
				CLANG_WARN_EMPTY_BODY = YES;
				CLANG_WARN_ENUM_CONVERSION = YES;
				CLANG_WARN_INFINITE_RECURSION = YES;
				CLANG_WARN_INT_CONVERSION = YES;
				CLANG_WARN_NON_LITERAL_NULL_CONVERSION = YES;
				CLANG_WARN_OBJC_IMPLICIT_RETAIN_SELF = YES;
				CLANG_WARN_OBJC_LITERAL_CONVERSION = YES;
				CLANG_WARN_OBJC_ROOT_CLASS = YES_ERROR;
				CLANG_WARN_QUOTED_INCLUDE_IN_FRAMEWORK_HEADER = YES;
				CLANG_WARN_RANGE_LOOP_ANALYSIS = YES;
				CLANG_WARN_STRICT_PROTOTYPES = YES;
				CLANG_WARN_SUSPICIOUS_MOVE = YES;
				CLANG_WARN_UNGUARDED_AVAILABILITY = YES_AGGRESSIVE;
				CLANG_WARN_UNREACHABLE_CODE = YES;
				CLANG_WARN__DUPLICATE_METHOD_MATCH = YES;
				COPY_PHASE_STRIP = NO;
				DEBUG_INFORMATION_FORMAT = "dwarf-with-dsym";
				ENABLE_NS_ASSERTIONS = NO;
				ENABLE_STRICT_OBJC_MSGSEND = YES;
				ENABLE_USER_SCRIPT_SANDBOXING = YES;
				GCC_C_LANGUAGE_STANDARD = gnu17;
				GCC_NO_COMMON_BLOCKS = YES;
				GCC_WARN_64_TO_32_BIT_CONVERSION = YES;
				GCC_WARN_ABOUT_RETURN_TYPE = YES_ERROR;
				GCC_WARN_UNDECLARED_SELECTOR = YES;
				GCC_WARN_UNINITIALIZED_AUTOS = YES_AGGRESSIVE;
				GCC_WARN_UNUSED_FUNCTION = YES;
				GCC_WARN_UNUSED_VARIABLE = YES;
				IPHONEOS_DEPLOYMENT_TARGET = 17.2;
				LOCALIZATION_PREFERS_STRING_CATALOGS = YES;
				MTL_ENABLE_DEBUG_INFO = NO;
				MTL_FAST_MATH = YES;
				SDKROOT = iphoneos;
				SWIFT_COMPILATION_MODE = wholemodule;
				VALIDATE_PRODUCT = YES;
			};
			name = Release;
		};
		BCE38C072B49B0700032911D /* Debug */ = {
			isa = XCBuildConfiguration;
			buildSettings = {
				ASSETCATALOG_COMPILER_APPICON_NAME = AppIcon;
				ASSETCATALOG_COMPILER_GLOBAL_ACCENT_COLOR_NAME = AccentColor;
				CODE_SIGN_STYLE = Automatic;
				CURRENT_PROJECT_VERSION = 1;
				DEVELOPMENT_TEAM = 235A2Z833B;
				GENERATE_INFOPLIST_FILE = YES;
				INFOPLIST_FILE = PracticingWithTargetAndSchemes/Info.plist;
				INFOPLIST_KEY_UIApplicationSupportsIndirectInputEvents = YES;
				INFOPLIST_KEY_UILaunchStoryboardName = LaunchScreen;
				INFOPLIST_KEY_UIMainStoryboardFile = Main;
				INFOPLIST_KEY_UISupportedInterfaceOrientations_iPad = "UIInterfaceOrientationPortrait UIInterfaceOrientationPortraitUpsideDown UIInterfaceOrientationLandscapeLeft UIInterfaceOrientationLandscapeRight";
				INFOPLIST_KEY_UISupportedInterfaceOrientations_iPhone = "UIInterfaceOrientationPortrait UIInterfaceOrientationLandscapeLeft UIInterfaceOrientationLandscapeRight";
				LD_RUNPATH_SEARCH_PATHS = (
					"$(inherited)",
					"@executable_path/Frameworks",
				);
				MARKETING_VERSION = 1.0;
				PRODUCT_BUNDLE_IDENTIFIER = com.kashyap.shashwat.private.photos.PracticingWithTargetAndSchemes;
				PRODUCT_NAME = "$(TARGET_NAME)";
				SWIFT_EMIT_LOC_STRINGS = YES;
				SWIFT_VERSION = 5.0;
				TARGETED_DEVICE_FAMILY = "1,2";
			};
			name = Debug;
		};
		BCE38C082B49B0700032911D /* Release */ = {
			isa = XCBuildConfiguration;
			buildSettings = {
				ASSETCATALOG_COMPILER_APPICON_NAME = AppIcon;
				ASSETCATALOG_COMPILER_GLOBAL_ACCENT_COLOR_NAME = AccentColor;
				CODE_SIGN_STYLE = Automatic;
				CURRENT_PROJECT_VERSION = 1;
				DEVELOPMENT_TEAM = 235A2Z833B;
				GENERATE_INFOPLIST_FILE = YES;
				INFOPLIST_FILE = PracticingWithTargetAndSchemes/Info.plist;
				INFOPLIST_KEY_UIApplicationSupportsIndirectInputEvents = YES;
				INFOPLIST_KEY_UILaunchStoryboardName = LaunchScreen;
				INFOPLIST_KEY_UIMainStoryboardFile = Main;
				INFOPLIST_KEY_UISupportedInterfaceOrientations_iPad = "UIInterfaceOrientationPortrait UIInterfaceOrientationPortraitUpsideDown UIInterfaceOrientationLandscapeLeft UIInterfaceOrientationLandscapeRight";
				INFOPLIST_KEY_UISupportedInterfaceOrientations_iPhone = "UIInterfaceOrientationPortrait UIInterfaceOrientationLandscapeLeft UIInterfaceOrientationLandscapeRight";
				LD_RUNPATH_SEARCH_PATHS = (
					"$(inherited)",
					"@executable_path/Frameworks",
				);
				MARKETING_VERSION = 1.0;
				PRODUCT_BUNDLE_IDENTIFIER = com.kashyap.shashwat.private.photos.PracticingWithTargetAndSchemes;
				PRODUCT_NAME = "$(TARGET_NAME)";
				SWIFT_EMIT_LOC_STRINGS = YES;
				SWIFT_VERSION = 5.0;
				TARGETED_DEVICE_FAMILY = "1,2";
			};
			name = Release;
		};
		BCE38C0A2B49B0700032911D /* Debug */ = {
			isa = XCBuildConfiguration;
			buildSettings = {
				ALWAYS_EMBED_SWIFT_STANDARD_LIBRARIES = YES;
				BUNDLE_LOADER = "$(TEST_HOST)";
				CODE_SIGN_STYLE = Automatic;
				CURRENT_PROJECT_VERSION = 1;
				DEVELOPMENT_TEAM = 235A2Z833B;
				GENERATE_INFOPLIST_FILE = YES;
				IPHONEOS_DEPLOYMENT_TARGET = 17.2;
				MARKETING_VERSION = 1.0;
				PRODUCT_BUNDLE_IDENTIFIER = com.kashyap.shashwat.private.photos.PracticingWithTargetAndSchemesTests;
				PRODUCT_NAME = "$(TARGET_NAME)";
				SWIFT_EMIT_LOC_STRINGS = NO;
				SWIFT_VERSION = 5.0;
				TARGETED_DEVICE_FAMILY = "1,2";
				TEST_HOST = "$(BUILT_PRODUCTS_DIR)/PracticingWithTargetAndSchemes.app/$(BUNDLE_EXECUTABLE_FOLDER_PATH)/PracticingWithTargetAndSchemes";
			};
			name = Debug;
		};
		BCE38C0B2B49B0700032911D /* Release */ = {
			isa = XCBuildConfiguration;
			buildSettings = {
				ALWAYS_EMBED_SWIFT_STANDARD_LIBRARIES = YES;
				BUNDLE_LOADER = "$(TEST_HOST)";
				CODE_SIGN_STYLE = Automatic;
				CURRENT_PROJECT_VERSION = 1;
				DEVELOPMENT_TEAM = 235A2Z833B;
				GENERATE_INFOPLIST_FILE = YES;
				IPHONEOS_DEPLOYMENT_TARGET = 17.2;
				MARKETING_VERSION = 1.0;
				PRODUCT_BUNDLE_IDENTIFIER = com.kashyap.shashwat.private.photos.PracticingWithTargetAndSchemesTests;
				PRODUCT_NAME = "$(TARGET_NAME)";
				SWIFT_EMIT_LOC_STRINGS = NO;
				SWIFT_VERSION = 5.0;
				TARGETED_DEVICE_FAMILY = "1,2";
				TEST_HOST = "$(BUILT_PRODUCTS_DIR)/PracticingWithTargetAndSchemes.app/$(BUNDLE_EXECUTABLE_FOLDER_PATH)/PracticingWithTargetAndSchemes";
			};
			name = Release;
		};
		BCE38C0D2B49B0700032911D /* Debug */ = {
			isa = XCBuildConfiguration;
			buildSettings = {
				ALWAYS_EMBED_SWIFT_STANDARD_LIBRARIES = YES;
				CODE_SIGN_STYLE = Automatic;
				CURRENT_PROJECT_VERSION = 1;
				DEVELOPMENT_TEAM = 235A2Z833B;
				GENERATE_INFOPLIST_FILE = YES;
				MARKETING_VERSION = 1.0;
				PRODUCT_BUNDLE_IDENTIFIER = com.kashyap.shashwat.private.photos.PracticingWithTargetAndSchemesUITests;
				PRODUCT_NAME = "$(TARGET_NAME)";
				SWIFT_EMIT_LOC_STRINGS = NO;
				SWIFT_VERSION = 5.0;
				TARGETED_DEVICE_FAMILY = "1,2";
				TEST_TARGET_NAME = PracticingWithTargetAndSchemes;
			};
			name = Debug;
		};
		BCE38C0E2B49B0700032911D /* Release */ = {
			isa = XCBuildConfiguration;
			buildSettings = {
				ALWAYS_EMBED_SWIFT_STANDARD_LIBRARIES = YES;
				CODE_SIGN_STYLE = Automatic;
				CURRENT_PROJECT_VERSION = 1;
				DEVELOPMENT_TEAM = 235A2Z833B;
				GENERATE_INFOPLIST_FILE = YES;
				MARKETING_VERSION = 1.0;
				PRODUCT_BUNDLE_IDENTIFIER = com.kashyap.shashwat.private.photos.PracticingWithTargetAndSchemesUITests;
				PRODUCT_NAME = "$(TARGET_NAME)";
				SWIFT_EMIT_LOC_STRINGS = NO;
				SWIFT_VERSION = 5.0;
				TARGETED_DEVICE_FAMILY = "1,2";
				TEST_TARGET_NAME = PracticingWithTargetAndSchemes;
			};
			name = Release;
		};
		BCE38C362B49B0BF0032911D /* Debug */ = {
			isa = XCBuildConfiguration;
			buildSettings = {
				ASSETCATALOG_COMPILER_APPICON_NAME = AppIcon;
				ASSETCATALOG_COMPILER_GLOBAL_ACCENT_COLOR_NAME = AccentColor;
				CODE_SIGN_ENTITLEMENTS = RunOnMacAndIphone/RunOnMacAndIphone.entitlements;
				CODE_SIGN_STYLE = Automatic;
				CURRENT_PROJECT_VERSION = 1;
				DEVELOPMENT_ASSET_PATHS = "\"RunOnMacAndIphone/Preview Content\"";
				DEVELOPMENT_TEAM = 235A2Z833B;
				ENABLE_HARDENED_RUNTIME = YES;
				ENABLE_PREVIEWS = YES;
				GENERATE_INFOPLIST_FILE = YES;
				"INFOPLIST_KEY_UIApplicationSceneManifest_Generation[sdk=iphoneos*]" = YES;
				"INFOPLIST_KEY_UIApplicationSceneManifest_Generation[sdk=iphonesimulator*]" = YES;
				"INFOPLIST_KEY_UIApplicationSupportsIndirectInputEvents[sdk=iphoneos*]" = YES;
				"INFOPLIST_KEY_UIApplicationSupportsIndirectInputEvents[sdk=iphonesimulator*]" = YES;
				"INFOPLIST_KEY_UILaunchScreen_Generation[sdk=iphoneos*]" = YES;
				"INFOPLIST_KEY_UILaunchScreen_Generation[sdk=iphonesimulator*]" = YES;
				"INFOPLIST_KEY_UIStatusBarStyle[sdk=iphoneos*]" = UIStatusBarStyleDefault;
				"INFOPLIST_KEY_UIStatusBarStyle[sdk=iphonesimulator*]" = UIStatusBarStyleDefault;
				INFOPLIST_KEY_UISupportedInterfaceOrientations_iPad = "UIInterfaceOrientationPortrait UIInterfaceOrientationPortraitUpsideDown UIInterfaceOrientationLandscapeLeft UIInterfaceOrientationLandscapeRight";
				INFOPLIST_KEY_UISupportedInterfaceOrientations_iPhone = "UIInterfaceOrientationPortrait UIInterfaceOrientationLandscapeLeft UIInterfaceOrientationLandscapeRight";
				IPHONEOS_DEPLOYMENT_TARGET = 17.2;
				LD_RUNPATH_SEARCH_PATHS = "@executable_path/Frameworks";
				"LD_RUNPATH_SEARCH_PATHS[sdk=macosx*]" = "@executable_path/../Frameworks";
				MACOSX_DEPLOYMENT_TARGET = 14.1;
				MARKETING_VERSION = 1.0;
				PRODUCT_BUNDLE_IDENTIFIER = com.kashyap.shashwat.private.photos.RunOnMacAndIphone;
				PRODUCT_NAME = "$(TARGET_NAME)";
				SDKROOT = auto;
				SUPPORTED_PLATFORMS = "iphoneos iphonesimulator macosx";
				SWIFT_EMIT_LOC_STRINGS = YES;
				SWIFT_VERSION = 5.0;
				TARGETED_DEVICE_FAMILY = "1,2";
			};
			name = Debug;
		};
		BCE38C372B49B0BF0032911D /* Release */ = {
			isa = XCBuildConfiguration;
			buildSettings = {
				ASSETCATALOG_COMPILER_APPICON_NAME = AppIcon;
				ASSETCATALOG_COMPILER_GLOBAL_ACCENT_COLOR_NAME = AccentColor;
				CODE_SIGN_ENTITLEMENTS = RunOnMacAndIphone/RunOnMacAndIphone.entitlements;
				CODE_SIGN_STYLE = Automatic;
				CURRENT_PROJECT_VERSION = 1;
				DEVELOPMENT_ASSET_PATHS = "\"RunOnMacAndIphone/Preview Content\"";
				DEVELOPMENT_TEAM = 235A2Z833B;
				ENABLE_HARDENED_RUNTIME = YES;
				ENABLE_PREVIEWS = YES;
				GENERATE_INFOPLIST_FILE = YES;
				"INFOPLIST_KEY_UIApplicationSceneManifest_Generation[sdk=iphoneos*]" = YES;
				"INFOPLIST_KEY_UIApplicationSceneManifest_Generation[sdk=iphonesimulator*]" = YES;
				"INFOPLIST_KEY_UIApplicationSupportsIndirectInputEvents[sdk=iphoneos*]" = YES;
				"INFOPLIST_KEY_UIApplicationSupportsIndirectInputEvents[sdk=iphonesimulator*]" = YES;
				"INFOPLIST_KEY_UILaunchScreen_Generation[sdk=iphoneos*]" = YES;
				"INFOPLIST_KEY_UILaunchScreen_Generation[sdk=iphonesimulator*]" = YES;
				"INFOPLIST_KEY_UIStatusBarStyle[sdk=iphoneos*]" = UIStatusBarStyleDefault;
				"INFOPLIST_KEY_UIStatusBarStyle[sdk=iphonesimulator*]" = UIStatusBarStyleDefault;
				INFOPLIST_KEY_UISupportedInterfaceOrientations_iPad = "UIInterfaceOrientationPortrait UIInterfaceOrientationPortraitUpsideDown UIInterfaceOrientationLandscapeLeft UIInterfaceOrientationLandscapeRight";
				INFOPLIST_KEY_UISupportedInterfaceOrientations_iPhone = "UIInterfaceOrientationPortrait UIInterfaceOrientationLandscapeLeft UIInterfaceOrientationLandscapeRight";
				IPHONEOS_DEPLOYMENT_TARGET = 17.2;
				LD_RUNPATH_SEARCH_PATHS = "@executable_path/Frameworks";
				"LD_RUNPATH_SEARCH_PATHS[sdk=macosx*]" = "@executable_path/../Frameworks";
				MACOSX_DEPLOYMENT_TARGET = 14.1;
				MARKETING_VERSION = 1.0;
				PRODUCT_BUNDLE_IDENTIFIER = com.kashyap.shashwat.private.photos.RunOnMacAndIphone;
				PRODUCT_NAME = "$(TARGET_NAME)";
				SDKROOT = auto;
				SUPPORTED_PLATFORMS = "iphoneos iphonesimulator macosx";
				SWIFT_EMIT_LOC_STRINGS = YES;
				SWIFT_VERSION = 5.0;
				TARGETED_DEVICE_FAMILY = "1,2";
			};
			name = Release;
		};
		BCE38C392B49B0BF0032911D /* Debug */ = {
			isa = XCBuildConfiguration;
			buildSettings = {
				ALWAYS_EMBED_SWIFT_STANDARD_LIBRARIES = YES;
				BUNDLE_LOADER = "$(TEST_HOST)";
				CODE_SIGN_STYLE = Automatic;
				CURRENT_PROJECT_VERSION = 1;
				DEVELOPMENT_TEAM = 235A2Z833B;
				GENERATE_INFOPLIST_FILE = YES;
				IPHONEOS_DEPLOYMENT_TARGET = 17.2;
				MACOSX_DEPLOYMENT_TARGET = 14.1;
				MARKETING_VERSION = 1.0;
				PRODUCT_BUNDLE_IDENTIFIER = com.kashyap.shashwat.private.photos.RunOnMacAndIphoneTests;
				PRODUCT_NAME = "$(TARGET_NAME)";
				SDKROOT = auto;
				SUPPORTED_PLATFORMS = "iphoneos iphonesimulator macosx";
				SWIFT_EMIT_LOC_STRINGS = NO;
				SWIFT_VERSION = 5.0;
				TARGETED_DEVICE_FAMILY = "1,2";
				TEST_HOST = "$(BUILT_PRODUCTS_DIR)/RunOnMacAndIphone.app/$(BUNDLE_EXECUTABLE_FOLDER_PATH)/RunOnMacAndIphone";
			};
			name = Debug;
		};
		BCE38C3A2B49B0BF0032911D /* Release */ = {
			isa = XCBuildConfiguration;
			buildSettings = {
				ALWAYS_EMBED_SWIFT_STANDARD_LIBRARIES = YES;
				BUNDLE_LOADER = "$(TEST_HOST)";
				CODE_SIGN_STYLE = Automatic;
				CURRENT_PROJECT_VERSION = 1;
				DEVELOPMENT_TEAM = 235A2Z833B;
				GENERATE_INFOPLIST_FILE = YES;
				IPHONEOS_DEPLOYMENT_TARGET = 17.2;
				MACOSX_DEPLOYMENT_TARGET = 14.1;
				MARKETING_VERSION = 1.0;
				PRODUCT_BUNDLE_IDENTIFIER = com.kashyap.shashwat.private.photos.RunOnMacAndIphoneTests;
				PRODUCT_NAME = "$(TARGET_NAME)";
				SDKROOT = auto;
				SUPPORTED_PLATFORMS = "iphoneos iphonesimulator macosx";
				SWIFT_EMIT_LOC_STRINGS = NO;
				SWIFT_VERSION = 5.0;
				TARGETED_DEVICE_FAMILY = "1,2";
				TEST_HOST = "$(BUILT_PRODUCTS_DIR)/RunOnMacAndIphone.app/$(BUNDLE_EXECUTABLE_FOLDER_PATH)/RunOnMacAndIphone";
			};
			name = Release;
		};
		BCE38C3C2B49B0BF0032911D /* Debug */ = {
			isa = XCBuildConfiguration;
			buildSettings = {
				ALWAYS_EMBED_SWIFT_STANDARD_LIBRARIES = YES;
				CODE_SIGN_STYLE = Automatic;
				CURRENT_PROJECT_VERSION = 1;
				DEVELOPMENT_TEAM = 235A2Z833B;
				GENERATE_INFOPLIST_FILE = YES;
				IPHONEOS_DEPLOYMENT_TARGET = 17.2;
				MACOSX_DEPLOYMENT_TARGET = 14.1;
				MARKETING_VERSION = 1.0;
				PRODUCT_BUNDLE_IDENTIFIER = com.kashyap.shashwat.private.photos.RunOnMacAndIphoneUITests;
				PRODUCT_NAME = "$(TARGET_NAME)";
				SDKROOT = auto;
				SUPPORTED_PLATFORMS = "iphoneos iphonesimulator macosx";
				SWIFT_EMIT_LOC_STRINGS = NO;
				SWIFT_VERSION = 5.0;
				TARGETED_DEVICE_FAMILY = "1,2";
				TEST_TARGET_NAME = RunOnMacAndIphone;
			};
			name = Debug;
		};
		BCE38C3D2B49B0BF0032911D /* Release */ = {
			isa = XCBuildConfiguration;
			buildSettings = {
				ALWAYS_EMBED_SWIFT_STANDARD_LIBRARIES = YES;
				CODE_SIGN_STYLE = Automatic;
				CURRENT_PROJECT_VERSION = 1;
				DEVELOPMENT_TEAM = 235A2Z833B;
				GENERATE_INFOPLIST_FILE = YES;
				IPHONEOS_DEPLOYMENT_TARGET = 17.2;
				MACOSX_DEPLOYMENT_TARGET = 14.1;
				MARKETING_VERSION = 1.0;
				PRODUCT_BUNDLE_IDENTIFIER = com.kashyap.shashwat.private.photos.RunOnMacAndIphoneUITests;
				PRODUCT_NAME = "$(TARGET_NAME)";
				SDKROOT = auto;
				SUPPORTED_PLATFORMS = "iphoneos iphonesimulator macosx";
				SWIFT_EMIT_LOC_STRINGS = NO;
				SWIFT_VERSION = 5.0;
				TARGETED_DEVICE_FAMILY = "1,2";
				TEST_TARGET_NAME = RunOnMacAndIphone;
			};
			name = Release;
		};
/* End XCBuildConfiguration section */

/* Begin XCConfigurationList section */
		BCE38BD72B49B06E0032911D /* Build configuration list for PBXProject "PracticingWithTargetAndSchemes" */ = {
			isa = XCConfigurationList;
			buildConfigurations = (
				BCE38C042B49B0700032911D /* Debug */,
				BCE38C052B49B0700032911D /* Release */,
			);
			defaultConfigurationIsVisible = 0;
			defaultConfigurationName = Release;
		};
		BCE38C062B49B0700032911D /* Build configuration list for PBXNativeTarget "PracticingWithTargetAndSchemes" */ = {
			isa = XCConfigurationList;
			buildConfigurations = (
				BCE38C072B49B0700032911D /* Debug */,
				BCE38C082B49B0700032911D /* Release */,
			);
			defaultConfigurationIsVisible = 0;
			defaultConfigurationName = Release;
		};
		BCE38C092B49B0700032911D /* Build configuration list for PBXNativeTarget "PracticingWithTargetAndSchemesTests" */ = {
			isa = XCConfigurationList;
			buildConfigurations = (
				BCE38C0A2B49B0700032911D /* Debug */,
				BCE38C0B2B49B0700032911D /* Release */,
			);
			defaultConfigurationIsVisible = 0;
			defaultConfigurationName = Release;
		};
		BCE38C0C2B49B0700032911D /* Build configuration list for PBXNativeTarget "PracticingWithTargetAndSchemesUITests" */ = {
			isa = XCConfigurationList;
			buildConfigurations = (
				BCE38C0D2B49B0700032911D /* Debug */,
				BCE38C0E2B49B0700032911D /* Release */,
			);
			defaultConfigurationIsVisible = 0;
			defaultConfigurationName = Release;
		};
		BCE38C352B49B0BF0032911D /* Build configuration list for PBXNativeTarget "RunOnMacAndIphone" */ = {
			isa = XCConfigurationList;
			buildConfigurations = (
				BCE38C362B49B0BF0032911D /* Debug */,
				BCE38C372B49B0BF0032911D /* Release */,
			);
			defaultConfigurationIsVisible = 0;
			defaultConfigurationName = Release;
		};
		BCE38C382B49B0BF0032911D /* Build configuration list for PBXNativeTarget "RunOnMacAndIphoneTests" */ = {
			isa = XCConfigurationList;
			buildConfigurations = (
				BCE38C392B49B0BF0032911D /* Debug */,
				BCE38C3A2B49B0BF0032911D /* Release */,
			);
			defaultConfigurationIsVisible = 0;
			defaultConfigurationName = Release;
		};
		BCE38C3B2B49B0BF0032911D /* Build configuration list for PBXNativeTarget "RunOnMacAndIphoneUITests" */ = {
			isa = XCConfigurationList;
			buildConfigurations = (
				BCE38C3C2B49B0BF0032911D /* Debug */,
				BCE38C3D2B49B0BF0032911D /* Release */,
			);
			defaultConfigurationIsVisible = 0;
			defaultConfigurationName = Release;
		};
/* End XCConfigurationList section */
	};
	rootObject = BCE38BD42B49B06E0032911D /* Project object */;
}
